{
  "originHash" : "d466a1a06a1690801e3d966da2e84d9c0926c959b889ab2b8ae8d7dcd98c28c1",
  "pins" : [
    {
      "identity" : "clutchcorekit",
      "kind" : "remoteSourceControl",
      "location" : "https://github.com/engingulek/ClutchCoreKit",
      "state" : {
        "revision" : "71f5613deb6132bce059fa2a471f7f21bdbee34a",
        "version" : "0.2.2"
      }
    },
    {
      "identity" : "clutchmodularprotocols",
      "kind" : "remoteSourceControl",
      "location" : "https://github.com/engingulek/ClutchModularProtocols",
      "state" : {
        "revision" : "9d2e6d0884a26be3fd67f98f8bc114fcd1018a53",
        "version" : "0.0.3"
      }
    },
    {
      "identity" : "kingfisher",
      "kind" : "remoteSourceControl",
      "location" : "https://github.com/onevcat/Kingfisher",
      "state" : {
        "revision" : "2015fda791daa72c8058619545a593bf8c1dd59f",
        "version" : "8.5.0"
      }
    }
  ],
  "version" : 3
}
