{
  "originHash" : "061217e55552b064219ad33095b291f2f2f908338da868a9049ef1bdb44fb68f",
  "pins" : [
    {
      "identity" : "alamofire",
      "kind" : "remoteSourceControl",
      "location" : "https://github.com/Alamofire/Alamofire.git",
      "state" : {
        "revision" : "513364f870f6bfc468f9d2ff0a95caccc10044c5",
        "version" : "5.10.2"
      }
    },
    {
      "identity" : "clutchcorekit",
      "kind" : "remoteSourceControl",
      "location" : "https://github.com/engingulek/ClutchCoreKit",
      "state" : {
        "revision" : "71f5613deb6132bce059fa2a471f7f21bdbee34a",
        "version" : "0.2.2"
      }
    },
    {
      "identity" : "clutchmanagerkits",
      "kind" : "remoteSourceControl",
      "location" : "https://github.com/engingulek/ClutchManagerKits",
      "state" : {
        "branch" : "develop",
        "revision" : "e19beb31929e61b8177780406781cfec729fa28b"
      }
    },
    {
      "identity" : "clutchmodularprotocols",
      "kind" : "remoteSourceControl",
      "location" : "https://github.com/engingulek/ClutchModularProtocols",
      "state" : {
        "revision" : "9d2e6d0884a26be3fd67f98f8bc114fcd1018a53",
        "version" : "0.0.3"
      }
    },
    {
      "identity" : "kingfisher",
      "kind" : "remoteSourceControl",
      "location" : "https://github.com/onevcat/Kingfisher",
      "state" : {
        "revision" : "2015fda791daa72c8058619545a593bf8c1dd59f",
        "version" : "8.5.0"
      }
    }
  ],
  "version" : 3
}
